
Microsoft Visual Studio Solution File, Format Version 12.00
# Visual Studio 15
Project("{F2A71F9B-5D33-465A-A702-920D77279786}") = "bmaExchange", "bmaExchange\bmaExchange.fsproj", "{724EF6A6-F28A-4AE3-96F9-FD2A884E3EFA}"
EndProject
Global
	GlobalSection(SolutionConfigurationPlatforms) = preSolution
		Debug|Any CPU = Debug|Any CPU
		Release|Any CPU = Release|Any CPU
	EndGlobalSection
	GlobalSection(ProjectConfigurationPlatforms) = postSolution
		{724EF6A6-F28A-4AE3-96F9-FD2A884E3EFA}.Debug|Any CPU.ActiveCfg = Debug|Any CPU
		{724EF6A6-F28A-4AE3-96F9-FD2A884E3EFA}.Debug|Any CPU.Build.0 = Debug|Any CPU
		{724EF6A6-F28A-4AE3-96F9-FD2A884E3EFA}.Release|Any CPU.ActiveCfg = Release|Any CPU
		{724EF6A6-F28A-4AE3-96F9-FD2A884E3EFA}.Release|Any CPU.Build.0 = Release|Any CPU
	EndGlobalSection
EndGlobal
